// !$*UTF8*$!
{
	archiveVersion = 1;
	classes = {
	};
	objectVersion = 45;
	objects = {

/* Begin PBXBuildFile section */
		8DC2EF530486A6940098B216 /* InfoPlist.strings in Resources */ = {isa = PBXBuildFile; fileRef = 089C1666FE841158C02AAC07 /* InfoPlist.strings */; };
		F94A053F0E7B948000C8A8B7 /* JSONKit.framework in Frameworks */ = {isa = PBXBuildFile; fileRef = F94A05370E7B947700C8A8B7 /* JSONKit.framework */; };
		F9C2AC330E7B623E00474D97 /* Foundation.framework in Frameworks */ = {isa = PBXBuildFile; fileRef = F9C2AC320E7B623E00474D97 /* Foundation.framework */; settings = {ATTRIBUTES = (Required, ); }; };
		F9C2AF550E7B8D4600474D97 /* DiscIdentKit.h in Headers */ = {isa = PBXBuildFile; fileRef = F9C2AF500E7B8D4600474D97 /* DiscIdentKit.h */; settings = {ATTRIBUTES = (Public, ); }; };
		F9C2AF560E7B8D4600474D97 /* DiscIdentQuery.h in Headers */ = {isa = PBXBuildFile; fileRef = F9C2AF510E7B8D4600474D97 /* DiscIdentQuery.h */; settings = {ATTRIBUTES = (Public, ); }; };
		F9C2AF570E7B8D4600474D97 /* DiscIdentQuery.m in Sources */ = {isa = PBXBuildFile; fileRef = F9C2AF520E7B8D4600474D97 /* DiscIdentQuery.m */; };
		F9C2AF580E7B8D4600474D97 /* NSString+DiscIdentKit.h in Headers */ = {isa = PBXBuildFile; fileRef = F9C2AF530E7B8D4600474D97 /* NSString+DiscIdentKit.h */; settings = {ATTRIBUTES = (Public, ); }; };
		F9C2AF590E7B8D4600474D97 /* NSString+DiscIdentKit.m in Sources */ = {isa = PBXBuildFile; fileRef = F9C2AF540E7B8D4600474D97 /* NSString+DiscIdentKit.m */; };
/* End PBXBuildFile section */

/* Begin PBXContainerItemProxy section */
		F94A05360E7B947700C8A8B7 /* PBXContainerItemProxy */ = {
			isa = PBXContainerItemProxy;
			containerPortal = F94A052F0E7B947700C8A8B7 /* JSONKit.xcodeproj */;
			proxyType = 2;
			remoteGlobalIDString = 8DC2EF5B0486A6940098B216;
			remoteInfo = JSONKit;
		};
		F94A05400E7B948700C8A8B7 /* PBXContainerItemProxy */ = {
			isa = PBXContainerItemProxy;
			containerPortal = F94A052F0E7B947700C8A8B7 /* JSONKit.xcodeproj */;
			proxyType = 1;
			remoteGlobalIDString = 8DC2EF4F0486A6940098B216;
			remoteInfo = JSONKit;
		};
/* End PBXContainerItemProxy section */

/* Begin PBXFileReference section */
		089C1667FE841158C02AAC07 /* English */ = {isa = PBXFileReference; fileEncoding = 10; lastKnownFileType = text.plist.strings; name = English; path = English.lproj/InfoPlist.strings; sourceTree = "<group>"; };
		8DC2EF5A0486A6940098B216 /* Info.plist */ = {isa = PBXFileReference; fileEncoding = 4; lastKnownFileType = text.plist.xml; path = Info.plist; sourceTree = "<group>"; };
		8DC2EF5B0486A6940098B216 /* DiscIdentKit.framework */ = {isa = PBXFileReference; explicitFileType = wrapper.framework; includeInIndex = 0; path = DiscIdentKit.framework; sourceTree = BUILT_PRODUCTS_DIR; };
		F94A052F0E7B947700C8A8B7 /* JSONKit.xcodeproj */ = {isa = PBXFileReference; lastKnownFileType = "wrapper.pb-project"; name = JSONKit.xcodeproj; path = Frameworks/JSONKit/JSONKit.xcodeproj; sourceTree = "<group>"; };
		F9C2AC320E7B623E00474D97 /* Foundation.framework */ = {isa = PBXFileReference; lastKnownFileType = wrapper.framework; name = Foundation.framework; path = System/Library/Frameworks/Foundation.framework; sourceTree = SDKROOT; };
		F9C2AF500E7B8D4600474D97 /* DiscIdentKit.h */ = {isa = PBXFileReference; fileEncoding = 4; lastKnownFileType = sourcecode.c.h; path = DiscIdentKit.h; sourceTree = "<group>"; };
		F9C2AF510E7B8D4600474D97 /* DiscIdentQuery.h */ = {isa = PBXFileReference; fileEncoding = 4; lastKnownFileType = sourcecode.c.h; path = DiscIdentQuery.h; sourceTree = "<group>"; };
		F9C2AF520E7B8D4600474D97 /* DiscIdentQuery.m */ = {isa = PBXFileReference; fileEncoding = 4; lastKnownFileType = sourcecode.c.objc; path = DiscIdentQuery.m; sourceTree = "<group>"; };
		F9C2AF530E7B8D4600474D97 /* NSString+DiscIdentKit.h */ = {isa = PBXFileReference; fileEncoding = 4; lastKnownFileType = sourcecode.c.h; path = "NSString+DiscIdentKit.h"; sourceTree = "<group>"; };
		F9C2AF540E7B8D4600474D97 /* NSString+DiscIdentKit.m */ = {isa = PBXFileReference; fileEncoding = 4; lastKnownFileType = sourcecode.c.objc; path = "NSString+DiscIdentKit.m"; sourceTree = "<group>"; };
/* End PBXFileReference section */

/* Begin PBXFrameworksBuildPhase section */
		8DC2EF560486A6940098B216 /* Frameworks */ = {
			isa = PBXFrameworksBuildPhase;
			buildActionMask = 2147483647;
			files = (
				F94A053F0E7B948000C8A8B7 /* JSONKit.framework in Frameworks */,
				F9C2AC330E7B623E00474D97 /* Foundation.framework in Frameworks */,
			);
			runOnlyForDeploymentPostprocessing = 0;
		};
/* End PBXFrameworksBuildPhase section */

/* Begin PBXGroup section */
		034768DFFF38A50411DB9C8B /* Products */ = {
			isa = PBXGroup;
			children = (
				8DC2EF5B0486A6940098B216 /* DiscIdentKit.framework */,
			);
			name = Products;
			sourceTree = "<group>";
		};
		0867D691FE84028FC02AAC07 /* JSONKit */ = {
			isa = PBXGroup;
			children = (
				F9C2AC1D0E7B614900474D97 /* Source */,
				089C1665FE841158C02AAC07 /* Resources */,
				0867D69AFE84028FC02AAC07 /* External Frameworks and Libraries */,
				034768DFFF38A50411DB9C8B /* Products */,
			);
			name = JSONKit;
			sourceTree = "<group>";
		};
		0867D69AFE84028FC02AAC07 /* External Frameworks and Libraries */ = {
			isa = PBXGroup;
			children = (
				F94A052F0E7B947700C8A8B7 /* JSONKit.xcodeproj */,
				1058C7B0FEA5585E11CA2CBB /* Linked Frameworks */,
			);
			name = "External Frameworks and Libraries";
			sourceTree = "<group>";
		};
		089C1665FE841158C02AAC07 /* Resources */ = {
			isa = PBXGroup;
			children = (
				8DC2EF5A0486A6940098B216 /* Info.plist */,
				089C1666FE841158C02AAC07 /* InfoPlist.strings */,
			);
			path = Resources;
			sourceTree = "<group>";
		};
		1058C7B0FEA5585E11CA2CBB /* Linked Frameworks */ = {
			isa = PBXGroup;
			children = (
				F9C2AC320E7B623E00474D97 /* Foundation.framework */,
			);
			name = "Linked Frameworks";
			sourceTree = "<group>";
		};
		F94A05300E7B947700C8A8B7 /* Products */ = {
			isa = PBXGroup;
			children = (
				F94A05370E7B947700C8A8B7 /* JSONKit.framework */,
			);
			name = Products;
			sourceTree = "<group>";
		};
		F9C2AC1D0E7B614900474D97 /* Source */ = {
			isa = PBXGroup;
			children = (
				F9C2AF500E7B8D4600474D97 /* DiscIdentKit.h */,
				F9C2AF510E7B8D4600474D97 /* DiscIdentQuery.h */,
				F9C2AF520E7B8D4600474D97 /* DiscIdentQuery.m */,
				F9C2AF530E7B8D4600474D97 /* NSString+DiscIdentKit.h */,
				F9C2AF540E7B8D4600474D97 /* NSString+DiscIdentKit.m */,
			);
			path = Source;
			sourceTree = "<group>";
		};
/* End PBXGroup section */

/* Begin PBXHeadersBuildPhase section */
		8DC2EF500486A6940098B216 /* Headers */ = {
			isa = PBXHeadersBuildPhase;
			buildActionMask = 2147483647;
			files = (
				F9C2AF550E7B8D4600474D97 /* DiscIdentKit.h in Headers */,
				F9C2AF560E7B8D4600474D97 /* DiscIdentQuery.h in Headers */,
				F9C2AF580E7B8D4600474D97 /* NSString+DiscIdentKit.h in Headers */,
			);
			runOnlyForDeploymentPostprocessing = 0;
		};
/* End PBXHeadersBuildPhase section */

/* Begin PBXNativeTarget section */
		8DC2EF4F0486A6940098B216 /* DiscIdentKit */ = {
			isa = PBXNativeTarget;
			buildConfigurationList = 1DEB91AD08733DA50010E9CD /* Build configuration list for PBXNativeTarget "DiscIdentKit" */;
			buildPhases = (
				8DC2EF500486A6940098B216 /* Headers */,
				8DC2EF520486A6940098B216 /* Resources */,
				8DC2EF540486A6940098B216 /* Sources */,
				8DC2EF560486A6940098B216 /* Frameworks */,
			);
			buildRules = (
			);
			dependencies = (
				F94A05410E7B948700C8A8B7 /* PBXTargetDependency */,
			);
			name = DiscIdentKit;
			productInstallPath = "$(HOME)/Library/Frameworks";
			productName = JSONKit;
			productReference = 8DC2EF5B0486A6940098B216 /* DiscIdentKit.framework */;
			productType = "com.apple.product-type.framework";
		};
/* End PBXNativeTarget section */

/* Begin PBXProject section */
		0867D690FE84028FC02AAC07 /* Project object */ = {
			isa = PBXProject;
			buildConfigurationList = 1DEB91B108733DA50010E9CD /* Build configuration list for PBXProject "DiscIdentKit" */;
			compatibilityVersion = "Xcode 3.1";
			hasScannedForEncodings = 1;
			mainGroup = 0867D691FE84028FC02AAC07 /* JSONKit */;
			productRefGroup = 034768DFFF38A50411DB9C8B /* Products */;
			projectDirPath = "";
			projectReferences = (
				{
					ProductGroup = F94A05300E7B947700C8A8B7 /* Products */;
					ProjectRef = F94A052F0E7B947700C8A8B7 /* JSONKit.xcodeproj */;
				},
			);
			projectRoot = "";
			targets = (
				8DC2EF4F0486A6940098B216 /* DiscIdentKit */,
			);
		};
/* End PBXProject section */

/* Begin PBXReferenceProxy section */
		F94A05370E7B947700C8A8B7 /* JSONKit.framework */ = {
			isa = PBXReferenceProxy;
			fileType = wrapper.framework;
			path = JSONKit.framework;
			remoteRef = F94A05360E7B947700C8A8B7 /* PBXContainerItemProxy */;
			sourceTree = BUILT_PRODUCTS_DIR;
		};
/* End PBXReferenceProxy section */

/* Begin PBXResourcesBuildPhase section */
		8DC2EF520486A6940098B216 /* Resources */ = {
			isa = PBXResourcesBuildPhase;
			buildActionMask = 2147483647;
			files = (
				8DC2EF530486A6940098B216 /* InfoPlist.strings in Resources */,
			);
			runOnlyForDeploymentPostprocessing = 0;
		};
/* End PBXResourcesBuildPhase section */

/* Begin PBXSourcesBuildPhase section */
		8DC2EF540486A6940098B216 /* Sources */ = {
			isa = PBXSourcesBuildPhase;
			buildActionMask = 2147483647;
			files = (
				F9C2AF570E7B8D4600474D97 /* DiscIdentQuery.m in Sources */,
				F9C2AF590E7B8D4600474D97 /* NSString+DiscIdentKit.m in Sources */,
			);
			runOnlyForDeploymentPostprocessing = 0;
		};
/* End PBXSourcesBuildPhase section */

/* Begin PBXTargetDependency section */
		F94A05410E7B948700C8A8B7 /* PBXTargetDependency */ = {
			isa = PBXTargetDependency;
			name = JSONKit;
			targetProxy = F94A05400E7B948700C8A8B7 /* PBXContainerItemProxy */;
		};
/* End PBXTargetDependency section */

/* Begin PBXVariantGroup section */
		089C1666FE841158C02AAC07 /* InfoPlist.strings */ = {
			isa = PBXVariantGroup;
			children = (
				089C1667FE841158C02AAC07 /* English */,
			);
			name = InfoPlist.strings;
			sourceTree = "<group>";
		};
/* End PBXVariantGroup section */

/* Begin XCBuildConfiguration section */
		1DEB91AE08733DA50010E9CD /* Debug */ = {
			isa = XCBuildConfiguration;
			buildSettings = {
				ALWAYS_SEARCH_USER_PATHS = NO;
				ARCHS = "$(ARCHS_STANDARD_32_64_BIT)";
				COPY_PHASE_STRIP = NO;
				DEBUG_INFORMATION_FORMAT = "dwarf-with-dsym";
				DYLIB_COMPATIBILITY_VERSION = 1;
				DYLIB_CURRENT_VERSION = 1;
				FRAMEWORK_SEARCH_PATHS = "$(inherited)";
				FRAMEWORK_VERSION = A;
				GCC_C_LANGUAGE_STANDARD = "compiler-default";
				GCC_DYNAMIC_NO_PIC = NO;
				GCC_ENABLE_FIX_AND_CONTINUE = YES;
				GCC_MODEL_TUNING = G5;
				GCC_OPTIMIZATION_LEVEL = 0;
				GCC_PRECOMPILE_PREFIX_HEADER = YES;
				GCC_PREFIX_HEADER = "";
				GCC_VERSION = com.apple.compilers.llvmgcc42;
				INFOPLIST_EXPAND_BUILD_SETTINGS = YES;
				INFOPLIST_FILE = Resources/Info.plist;
				INSTALL_PATH = "@executable_path/../Frameworks";
				ONLY_ACTIVE_ARCH = YES;
				OTHER_LDFLAGS = "-lcrypto";
				PRODUCT_NAME = DiscIdentKit;
				PUBLIC_HEADERS_FOLDER_PATH = "$(CONTENTS_FOLDER_PATH)/Headers";
				VALID_ARCHS = "i386 ppc ppc7400 x86_64";
				WRAPPER_EXTENSION = framework;
			};
			name = Debug;
		};
		1DEB91AF08733DA50010E9CD /* Release */ = {
			isa = XCBuildConfiguration;
			buildSettings = {
				ALWAYS_SEARCH_USER_PATHS = NO;
				ARCHS = "$(ARCHS_STANDARD_32_64_BIT)";
				DEBUG_INFORMATION_FORMAT = "dwarf-with-dsym";
				DYLIB_COMPATIBILITY_VERSION = 1;
				DYLIB_CURRENT_VERSION = 1;
				FRAMEWORK_SEARCH_PATHS = "$(inherited)";
				FRAMEWORK_VERSION = A;
				GCC_C_LANGUAGE_STANDARD = "compiler-default";
				GCC_MODEL_TUNING = G5;
				GCC_PRECOMPILE_PREFIX_HEADER = YES;
				GCC_PREFIX_HEADER = "";
				GCC_VERSION = com.apple.compilers.llvmgcc42;
				INFOPLIST_FILE = Resources/Info.plist;
				INSTALL_PATH = "@executable_path/../Frameworks";
				ONLY_ACTIVE_ARCH = NO;
				OTHER_LDFLAGS = "-lcrypto";
				PRODUCT_NAME = DiscIdentKit;
				PUBLIC_HEADERS_FOLDER_PATH = "$(CONTENTS_FOLDER_PATH)/Headers";
				VALID_ARCHS = "i386 ppc ppc7400 x86_64";
				WRAPPER_EXTENSION = framework;
			};
			name = Release;
		};
		1DEB91B208733DA50010E9CD /* Debug */ = {
			isa = XCBuildConfiguration;
			buildSettings = {
				ARCHS = "$(ARCHS_STANDARD_32_64_BIT)";
				FRAMEWORK_SEARCH_PATHS = "$(SRCROOT)/Frameworks/JSONKit/build/${BUILD_STYLE}";
				GCC_C_LANGUAGE_STANDARD = c99;
				GCC_OPTIMIZATION_LEVEL = 0;
				GCC_WARN_ABOUT_RETURN_TYPE = YES;
				GCC_WARN_UNUSED_VARIABLE = YES;
				ONLY_ACTIVE_ARCH = YES;
				PREBINDING = NO;
				SDKROOT = macosx10.5;
			};
			name = Debug;
		};
		1DEB91B308733DA50010E9CD /* Release */ = {
			isa = XCBuildConfiguration;
			buildSettings = {
				ARCHS = "$(ARCHS_STANDARD_32_64_BIT)";
				FRAMEWORK_SEARCH_PATHS = "$(SRCROOT)/Frameworks/JSONKit/build/${BUILD_STYLE}";
				GCC_C_LANGUAGE_STANDARD = c99;
				GCC_WARN_ABOUT_RETURN_TYPE = YES;
				GCC_WARN_UNUSED_VARIABLE = YES;
				PREBINDING = NO;
				SDKROOT = macosx10.5;
			};
			name = Release;
		};
/* End XCBuildConfiguration section */

/* Begin XCConfigurationList section */
		1DEB91AD08733DA50010E9CD /* Build configuration list for PBXNativeTarget "DiscIdentKit" */ = {
			isa = XCConfigurationList;
			buildConfigurations = (
				1DEB91AE08733DA50010E9CD /* Debug */,
				1DEB91AF08733DA50010E9CD /* Release */,
			);
			defaultConfigurationIsVisible = 0;
			defaultConfigurationName = Release;
		};
		1DEB91B108733DA50010E9CD /* Build configuration list for PBXProject "DiscIdentKit" */ = {
			isa = XCConfigurationList;
			buildConfigurations = (
				1DEB91B208733DA50010E9CD /* Debug */,
				1DEB91B308733DA50010E9CD /* Release */,
			);
			defaultConfigurationIsVisible = 0;
			defaultConfigurationName = Release;
		};
/* End XCConfigurationList section */
	};
	rootObject = 0867D690FE84028FC02AAC07 /* Project object */;
}
